
Microsoft Visual Studio Solution File, Format Version 12.00
# Visual Studio Version 17
VisualStudioVersion = 17.3.32804.467
MinimumVisualStudioVersion = 10.0.40219.1
Project("{FAE04EC0-301F-11D3-BF4B-00C04F79EFBC}") = "ProductData", "ProductData\ProductData.csproj", "{67D67666-F31A-40AF-AA29-05B31490AACC}"
EndProject
Global
	GlobalSection(SolutionConfigurationPlatforms) = preSolution
		Debug|Any CPU = Debug|Any CPU
		Release|Any CPU = Release|Any CPU
	EndGlobalSection
	GlobalSection(ProjectConfigurationPlatforms) = postSolution
		{67D67666-F31A-40AF-AA29-05B31490AACC}.Debug|Any CPU.ActiveCfg = Debug|Any CPU
		{67D67666-F31A-40AF-AA29-05B31490AACC}.Debug|Any CPU.Build.0 = Debug|Any CPU
		{67D67666-F31A-40AF-AA29-05B31490AACC}.Release|Any CPU.ActiveCfg = Release|Any CPU
		{67D67666-F31A-40AF-AA29-05B31490AACC}.Release|Any CPU.Build.0 = Release|Any CPU
	EndGlobalSection
	GlobalSection(SolutionProperties) = preSolution
		HideSolutionNode = FALSE
	EndGlobalSection
	GlobalSection(ExtensibilityGlobals) = postSolution
		SolutionGuid = {2549A8A3-3F00-4DD8-8CCD-6F95CC09190E}
	EndGlobalSection
EndGlobal
